// !$*UTF8*$!
{
	archiveVersion = 1;
	classes = {
	};
	objectVersion = 50;
	objects = {

/* Begin PBXBuildFile section */
		97B02FBD20AD989D00405744 /* AppDelegate.swift in Sources */ = {isa = PBXBuildFile; fileRef = 97B02FBC20AD989D00405744 /* AppDelegate.swift */; };
		97B02FBF20AD989D00405744 /* ViewController.swift in Sources */ = {isa = PBXBuildFile; fileRef = 97B02FBE20AD989D00405744 /* ViewController.swift */; };
		97B02FC220AD989D00405744 /* Main.storyboard in Resources */ = {isa = PBXBuildFile; fileRef = 97B02FC020AD989D00405744 /* Main.storyboard */; };
		97B02FC420AD989E00405744 /* Assets.xcassets in Resources */ = {isa = PBXBuildFile; fileRef = 97B02FC320AD989E00405744 /* Assets.xcassets */; };
		97B02FC720AD989E00405744 /* LaunchScreen.storyboard in Resources */ = {isa = PBXBuildFile; fileRef = 97B02FC520AD989E00405744 /* LaunchScreen.storyboard */; };
		97B02FD220AD989E00405744 /* LotoTests.swift in Sources */ = {isa = PBXBuildFile; fileRef = 97B02FD120AD989E00405744 /* LotoTests.swift */; };
		97B02FDD20AD989E00405744 /* LotoUITests.swift in Sources */ = {isa = PBXBuildFile; fileRef = 97B02FDC20AD989E00405744 /* LotoUITests.swift */; };
/* End PBXBuildFile section */

/* Begin PBXContainerItemProxy section */
		97B02FCE20AD989E00405744 /* PBXContainerItemProxy */ = {
			isa = PBXContainerItemProxy;
			containerPortal = 97B02FB120AD989D00405744 /* Project object */;
			proxyType = 1;
			remoteGlobalIDString = 97B02FB820AD989D00405744;
			remoteInfo = Loto;
		};
		97B02FD920AD989E00405744 /* PBXContainerItemProxy */ = {
			isa = PBXContainerItemProxy;
			containerPortal = 97B02FB120AD989D00405744 /* Project object */;
			proxyType = 1;
			remoteGlobalIDString = 97B02FB820AD989D00405744;
			remoteInfo = Loto;
		};
/* End PBXContainerItemProxy section */

/* Begin PBXFileReference section */
		97B02FB920AD989D00405744 /* Loto.app */ = {isa = PBXFileReference; explicitFileType = wrapper.application; includeInIndex = 0; path = Loto.app; sourceTree = BUILT_PRODUCTS_DIR; };
		97B02FBC20AD989D00405744 /* AppDelegate.swift */ = {isa = PBXFileReference; lastKnownFileType = sourcecode.swift; path = AppDelegate.swift; sourceTree = "<group>"; };
		97B02FBE20AD989D00405744 /* ViewController.swift */ = {isa = PBXFileReference; lastKnownFileType = sourcecode.swift; path = ViewController.swift; sourceTree = "<group>"; };
		97B02FC120AD989D00405744 /* Base */ = {isa = PBXFileReference; lastKnownFileType = file.storyboard; name = Base; path = Base.lproj/Main.storyboard; sourceTree = "<group>"; };
		97B02FC320AD989E00405744 /* Assets.xcassets */ = {isa = PBXFileReference; lastKnownFileType = folder.assetcatalog; path = Assets.xcassets; sourceTree = "<group>"; };
		97B02FC620AD989E00405744 /* Base */ = {isa = PBXFileReference; lastKnownFileType = file.storyboard; name = Base; path = Base.lproj/LaunchScreen.storyboard; sourceTree = "<group>"; };
		97B02FC820AD989E00405744 /* Info.plist */ = {isa = PBXFileReference; lastKnownFileType = text.plist.xml; path = Info.plist; sourceTree = "<group>"; };
		97B02FCD20AD989E00405744 /* LotoTests.xctest */ = {isa = PBXFileReference; explicitFileType = wrapper.cfbundle; includeInIndex = 0; path = LotoTests.xctest; sourceTree = BUILT_PRODUCTS_DIR; };
		97B02FD120AD989E00405744 /* LotoTests.swift */ = {isa = PBXFileReference; lastKnownFileType = sourcecode.swift; path = LotoTests.swift; sourceTree = "<group>"; };
		97B02FD320AD989E00405744 /* Info.plist */ = {isa = PBXFileReference; lastKnownFileType = text.plist.xml; path = Info.plist; sourceTree = "<group>"; };
		97B02FD820AD989E00405744 /* LotoUITests.xctest */ = {isa = PBXFileReference; explicitFileType = wrapper.cfbundle; includeInIndex = 0; path = LotoUITests.xctest; sourceTree = BUILT_PRODUCTS_DIR; };
		97B02FDC20AD989E00405744 /* LotoUITests.swift */ = {isa = PBXFileReference; lastKnownFileType = sourcecode.swift; path = LotoUITests.swift; sourceTree = "<group>"; };
		97B02FDE20AD989E00405744 /* Info.plist */ = {isa = PBXFileReference; lastKnownFileType = text.plist.xml; path = Info.plist; sourceTree = "<group>"; };
/* End PBXFileReference section */

/* Begin PBXFrameworksBuildPhase section */
		97B02FB620AD989D00405744 /* Frameworks */ = {
			isa = PBXFrameworksBuildPhase;
			buildActionMask = 2147483647;
			files = (
			);
			runOnlyForDeploymentPostprocessing = 0;
		};
		97B02FCA20AD989E00405744 /* Frameworks */ = {
			isa = PBXFrameworksBuildPhase;
			buildActionMask = 2147483647;
			files = (
			);
			runOnlyForDeploymentPostprocessing = 0;
		};
		97B02FD520AD989E00405744 /* Frameworks */ = {
			isa = PBXFrameworksBuildPhase;
			buildActionMask = 2147483647;
			files = (
			);
			runOnlyForDeploymentPostprocessing = 0;
		};
/* End PBXFrameworksBuildPhase section */

/* Begin PBXGroup section */
		97B02FB020AD989D00405744 = {
			isa = PBXGroup;
			children = (
				97B02FBB20AD989D00405744 /* Loto */,
				97B02FD020AD989E00405744 /* LotoTests */,
				97B02FDB20AD989E00405744 /* LotoUITests */,
				97B02FBA20AD989D00405744 /* Products */,
			);
			sourceTree = "<group>";
		};
		97B02FBA20AD989D00405744 /* Products */ = {
			isa = PBXGroup;
			children = (
				97B02FB920AD989D00405744 /* Loto.app */,
				97B02FCD20AD989E00405744 /* LotoTests.xctest */,
				97B02FD820AD989E00405744 /* LotoUITests.xctest */,
			);
			name = Products;
			sourceTree = "<group>";
		};
		97B02FBB20AD989D00405744 /* Loto */ = {
			isa = PBXGroup;
			children = (
				97B02FBC20AD989D00405744 /* AppDelegate.swift */,
				97B02FBE20AD989D00405744 /* ViewController.swift */,
				97B02FC020AD989D00405744 /* Main.storyboard */,
				97B02FC320AD989E00405744 /* Assets.xcassets */,
				97B02FC520AD989E00405744 /* LaunchScreen.storyboard */,
				97B02FC820AD989E00405744 /* Info.plist */,
			);
			path = Loto;
			sourceTree = "<group>";
		};
		97B02FD020AD989E00405744 /* LotoTests */ = {
			isa = PBXGroup;
			children = (
				97B02FD120AD989E00405744 /* LotoTests.swift */,
				97B02FD320AD989E00405744 /* Info.plist */,
			);
			path = LotoTests;
			sourceTree = "<group>";
		};
		97B02FDB20AD989E00405744 /* LotoUITests */ = {
			isa = PBXGroup;
			children = (
				97B02FDC20AD989E00405744 /* LotoUITests.swift */,
				97B02FDE20AD989E00405744 /* Info.plist */,
			);
			path = LotoUITests;
			sourceTree = "<group>";
		};
/* End PBXGroup section */

/* Begin PBXNativeTarget section */
		97B02FB820AD989D00405744 /* Loto */ = {
			isa = PBXNativeTarget;
			buildConfigurationList = 97B02FE120AD989E00405744 /* Build configuration list for PBXNativeTarget "Loto" */;
			buildPhases = (
				97B02FB520AD989D00405744 /* Sources */,
				97B02FB620AD989D00405744 /* Frameworks */,
				97B02FB720AD989D00405744 /* Resources */,
			);
			buildRules = (
			);
			dependencies = (
			);
			name = Loto;
			productName = Loto;
			productReference = 97B02FB920AD989D00405744 /* Loto.app */;
			productType = "com.apple.product-type.application";
		};
		97B02FCC20AD989E00405744 /* LotoTests */ = {
			isa = PBXNativeTarget;
			buildConfigurationList = 97B02FE420AD989E00405744 /* Build configuration list for PBXNativeTarget "LotoTests" */;
			buildPhases = (
				97B02FC920AD989E00405744 /* Sources */,
				97B02FCA20AD989E00405744 /* Frameworks */,
				97B02FCB20AD989E00405744 /* Resources */,
			);
			buildRules = (
			);
			dependencies = (
				97B02FCF20AD989E00405744 /* PBXTargetDependency */,
			);
			name = LotoTests;
			productName = LotoTests;
			productReference = 97B02FCD20AD989E00405744 /* LotoTests.xctest */;
			productType = "com.apple.product-type.bundle.unit-test";
		};
		97B02FD720AD989E00405744 /* LotoUITests */ = {
			isa = PBXNativeTarget;
			buildConfigurationList = 97B02FE720AD989E00405744 /* Build configuration list for PBXNativeTarget "LotoUITests" */;
			buildPhases = (
				97B02FD420AD989E00405744 /* Sources */,
				97B02FD520AD989E00405744 /* Frameworks */,
				97B02FD620AD989E00405744 /* Resources */,
			);
			buildRules = (
			);
			dependencies = (
				97B02FDA20AD989E00405744 /* PBXTargetDependency */,
			);
			name = LotoUITests;
			productName = LotoUITests;
			productReference = 97B02FD820AD989E00405744 /* LotoUITests.xctest */;
			productType = "com.apple.product-type.bundle.ui-testing";
		};
/* End PBXNativeTarget section */

/* Begin PBXProject section */
		97B02FB120AD989D00405744 /* Project object */ = {
			isa = PBXProject;
			attributes = {
				LastSwiftUpdateCheck = 0930;
				LastUpgradeCheck = 0930;
				ORGANIZATIONNAME = "Guillaume Berhault";
				TargetAttributes = {
					97B02FB820AD989D00405744 = {
						CreatedOnToolsVersion = 9.3.1;
					};
					97B02FCC20AD989E00405744 = {
						CreatedOnToolsVersion = 9.3.1;
						TestTargetID = 97B02FB820AD989D00405744;
					};
					97B02FD720AD989E00405744 = {
						CreatedOnToolsVersion = 9.3.1;
						TestTargetID = 97B02FB820AD989D00405744;
					};
				};
			};
			buildConfigurationList = 97B02FB420AD989D00405744 /* Build configuration list for PBXProject "Loto" */;
			compatibilityVersion = "Xcode 9.3";
			developmentRegion = en;
			hasScannedForEncodings = 0;
			knownRegions = (
				en,
				Base,
			);
			mainGroup = 97B02FB020AD989D00405744;
			productRefGroup = 97B02FBA20AD989D00405744 /* Products */;
			projectDirPath = "";
			projectRoot = "";
			targets = (
				97B02FB820AD989D00405744 /* Loto */,
				97B02FCC20AD989E00405744 /* LotoTests */,
				97B02FD720AD989E00405744 /* LotoUITests */,
			);
		};
/* End PBXProject section */

/* Begin PBXResourcesBuildPhase section */
		97B02FB720AD989D00405744 /* Resources */ = {
			isa = PBXResourcesBuildPhase;
			buildActionMask = 2147483647;
			files = (
				97B02FC720AD989E00405744 /* LaunchScreen.storyboard in Resources */,
				97B02FC420AD989E00405744 /* Assets.xcassets in Resources */,
				97B02FC220AD989D00405744 /* Main.storyboard in Resources */,
			);
			runOnlyForDeploymentPostprocessing = 0;
		};
		97B02FCB20AD989E00405744 /* Resources */ = {
			isa = PBXResourcesBuildPhase;
			buildActionMask = 2147483647;
			files = (
			);
			runOnlyForDeploymentPostprocessing = 0;
		};
		97B02FD620AD989E00405744 /* Resources */ = {
			isa = PBXResourcesBuildPhase;
			buildActionMask = 2147483647;
			files = (
			);
			runOnlyForDeploymentPostprocessing = 0;
		};
/* End PBXResourcesBuildPhase section */

/* Begin PBXSourcesBuildPhase section */
		97B02FB520AD989D00405744 /* Sources */ = {
			isa = PBXSourcesBuildPhase;
			buildActionMask = 2147483647;
			files = (
				97B02FBF20AD989D00405744 /* ViewController.swift in Sources */,
				97B02FBD20AD989D00405744 /* AppDelegate.swift in Sources */,
			);
			runOnlyForDeploymentPostprocessing = 0;
		};
		97B02FC920AD989E00405744 /* Sources */ = {
			isa = PBXSourcesBuildPhase;
			buildActionMask = 2147483647;
			files = (
				97B02FD220AD989E00405744 /* LotoTests.swift in Sources */,
			);
			runOnlyForDeploymentPostprocessing = 0;
		};
		97B02FD420AD989E00405744 /* Sources */ = {
			isa = PBXSourcesBuildPhase;
			buildActionMask = 2147483647;
			files = (
				97B02FDD20AD989E00405744 /* LotoUITests.swift in Sources */,
			);
			runOnlyForDeploymentPostprocessing = 0;
		};
/* End PBXSourcesBuildPhase section */

/* Begin PBXTargetDependency section */
		97B02FCF20AD989E00405744 /* PBXTargetDependency */ = {
			isa = PBXTargetDependency;
			target = 97B02FB820AD989D00405744 /* Loto */;
			targetProxy = 97B02FCE20AD989E00405744 /* PBXContainerItemProxy */;
		};
		97B02FDA20AD989E00405744 /* PBXTargetDependency */ = {
			isa = PBXTargetDependency;
			target = 97B02FB820AD989D00405744 /* Loto */;
			targetProxy = 97B02FD920AD989E00405744 /* PBXContainerItemProxy */;
		};
/* End PBXTargetDependency section */

/* Begin PBXVariantGroup section */
		97B02FC020AD989D00405744 /* Main.storyboard */ = {
			isa = PBXVariantGroup;
			children = (
				97B02FC120AD989D00405744 /* Base */,
			);
			name = Main.storyboard;
			sourceTree = "<group>";
		};
		97B02FC520AD989E00405744 /* LaunchScreen.storyboard */ = {
			isa = PBXVariantGroup;
			children = (
				97B02FC620AD989E00405744 /* Base */,
			);
			name = LaunchScreen.storyboard;
			sourceTree = "<group>";
		};
/* End PBXVariantGroup section */

/* Begin XCBuildConfiguration section */
		97B02FDF20AD989E00405744 /* Debug */ = {
			isa = XCBuildConfiguration;
			buildSettings = {
				ALWAYS_SEARCH_USER_PATHS = NO;
				CLANG_ANALYZER_NONNULL = YES;
				CLANG_ANALYZER_NUMBER_OBJECT_CONVERSION = YES_AGGRESSIVE;
				CLANG_CXX_LANGUAGE_STANDARD = "gnu++14";
				CLANG_CXX_LIBRARY = "libc++";
				CLANG_ENABLE_MODULES = YES;
				CLANG_ENABLE_OBJC_ARC = YES;
				CLANG_ENABLE_OBJC_WEAK = YES;
				CLANG_WARN_BLOCK_CAPTURE_AUTORELEASING = YES;
				CLANG_WARN_BOOL_CONVERSION = YES;
				CLANG_WARN_COMMA = YES;
				CLANG_WARN_CONSTANT_CONVERSION = YES;
				CLANG_WARN_DEPRECATED_OBJC_IMPLEMENTATIONS = YES;
				CLANG_WARN_DIRECT_OBJC_ISA_USAGE = YES_ERROR;
				CLANG_WARN_DOCUMENTATION_COMMENTS = YES;
				CLANG_WARN_EMPTY_BODY = YES;
				CLANG_WARN_ENUM_CONVERSION = YES;
				CLANG_WARN_INFINITE_RECURSION = YES;
				CLANG_WARN_INT_CONVERSION = YES;
				CLANG_WARN_NON_LITERAL_NULL_CONVERSION = YES;
				CLANG_WARN_OBJC_IMPLICIT_RETAIN_SELF = YES;
				CLANG_WARN_OBJC_LITERAL_CONVERSION = YES;
				CLANG_WARN_OBJC_ROOT_CLASS = YES_ERROR;
				CLANG_WARN_RANGE_LOOP_ANALYSIS = YES;
				CLANG_WARN_STRICT_PROTOTYPES = YES;
				CLANG_WARN_SUSPICIOUS_MOVE = YES;
				CLANG_WARN_UNGUARDED_AVAILABILITY = YES_AGGRESSIVE;
				CLANG_WARN_UNREACHABLE_CODE = YES;
				CLANG_WARN__DUPLICATE_METHOD_MATCH = YES;
				CODE_SIGN_IDENTITY = "iPhone Developer";
				COPY_PHASE_STRIP = NO;
				DEBUG_INFORMATION_FORMAT = dwarf;
				ENABLE_STRICT_OBJC_MSGSEND = YES;
				ENABLE_TESTABILITY = YES;
				GCC_C_LANGUAGE_STANDARD = gnu11;
				GCC_DYNAMIC_NO_PIC = NO;
				GCC_NO_COMMON_BLOCKS = YES;
				GCC_OPTIMIZATION_LEVEL = 0;
				GCC_PREPROCESSOR_DEFINITIONS = (
					"DEBUG=1",
					"$(inherited)",
				);
				GCC_WARN_64_TO_32_BIT_CONVERSION = YES;
				GCC_WARN_ABOUT_RETURN_TYPE = YES_ERROR;
				GCC_WARN_UNDECLARED_SELECTOR = YES;
				GCC_WARN_UNINITIALIZED_AUTOS = YES_AGGRESSIVE;
				GCC_WARN_UNUSED_FUNCTION = YES;
				GCC_WARN_UNUSED_VARIABLE = YES;
				IPHONEOS_DEPLOYMENT_TARGET = 11.3;
				MTL_ENABLE_DEBUG_INFO = YES;
				ONLY_ACTIVE_ARCH = YES;
				SDKROOT = iphoneos;
				SWIFT_ACTIVE_COMPILATION_CONDITIONS = DEBUG;
				SWIFT_OPTIMIZATION_LEVEL = "-Onone";
			};
			name = Debug;
		};
		97B02FE020AD989E00405744 /* Release */ = {
			isa = XCBuildConfiguration;
			buildSettings = {
				ALWAYS_SEARCH_USER_PATHS = NO;
				CLANG_ANALYZER_NONNULL = YES;
				CLANG_ANALYZER_NUMBER_OBJECT_CONVERSION = YES_AGGRESSIVE;
				CLANG_CXX_LANGUAGE_STANDARD = "gnu++14";
				CLANG_CXX_LIBRARY = "libc++";
				CLANG_ENABLE_MODULES = YES;
				CLANG_ENABLE_OBJC_ARC = YES;
				CLANG_ENABLE_OBJC_WEAK = YES;
				CLANG_WARN_BLOCK_CAPTURE_AUTORELEASING = YES;
				CLANG_WARN_BOOL_CONVERSION = YES;
				CLANG_WARN_COMMA = YES;
				CLANG_WARN_CONSTANT_CONVERSION = YES;
				CLANG_WARN_DEPRECATED_OBJC_IMPLEMENTATIONS = YES;
				CLANG_WARN_DIRECT_OBJC_ISA_USAGE = YES_ERROR;
				CLANG_WARN_DOCUMENTATION_COMMENTS = YES;
				CLANG_WARN_EMPTY_BODY = YES;
				CLANG_WARN_ENUM_CONVERSION = YES;
				CLANG_WARN_INFINITE_RECURSION = YES;
				CLANG_WARN_INT_CONVERSION = YES;
				CLANG_WARN_NON_LITERAL_NULL_CONVERSION = YES;
				CLANG_WARN_OBJC_IMPLICIT_RETAIN_SELF = YES;
				CLANG_WARN_OBJC_LITERAL_CONVERSION = YES;
				CLANG_WARN_OBJC_ROOT_CLASS = YES_ERROR;
				CLANG_WARN_RANGE_LOOP_ANALYSIS = YES;
				CLANG_WARN_STRICT_PROTOTYPES = YES;
				CLANG_WARN_SUSPICIOUS_MOVE = YES;
				CLANG_WARN_UNGUARDED_AVAILABILITY = YES_AGGRESSIVE;
				CLANG_WARN_UNREACHABLE_CODE = YES;
				CLANG_WARN__DUPLICATE_METHOD_MATCH = YES;
				CODE_SIGN_IDENTITY = "iPhone Developer";
				COPY_PHASE_STRIP = NO;
				DEBUG_INFORMATION_FORMAT = "dwarf-with-dsym";
				ENABLE_NS_ASSERTIONS = NO;
				ENABLE_STRICT_OBJC_MSGSEND = YES;
				GCC_C_LANGUAGE_STANDARD = gnu11;
				GCC_NO_COMMON_BLOCKS = YES;
				GCC_WARN_64_TO_32_BIT_CONVERSION = YES;
				GCC_WARN_ABOUT_RETURN_TYPE = YES_ERROR;
				GCC_WARN_UNDECLARED_SELECTOR = YES;
				GCC_WARN_UNINITIALIZED_AUTOS = YES_AGGRESSIVE;
				GCC_WARN_UNUSED_FUNCTION = YES;
				GCC_WARN_UNUSED_VARIABLE = YES;
				IPHONEOS_DEPLOYMENT_TARGET = 11.3;
				MTL_ENABLE_DEBUG_INFO = NO;
				SDKROOT = iphoneos;
				SWIFT_COMPILATION_MODE = wholemodule;
				SWIFT_OPTIMIZATION_LEVEL = "-O";
				VALIDATE_PRODUCT = YES;
			};
			name = Release;
		};
		97B02FE220AD989E00405744 /* Debug */ = {
			isa = XCBuildConfiguration;
			buildSettings = {
				ASSETCATALOG_COMPILER_APPICON_NAME = AppIcon;
				CODE_SIGN_STYLE = Manual;
				DEVELOPMENT_TEAM = PS856PAVJ2;
				INFOPLIST_FILE = Loto/Info.plist;
				LD_RUNPATH_SEARCH_PATHS = (
					"$(inherited)",
					"@executable_path/Frameworks",
				);
				PRODUCT_BUNDLE_IDENTIFIER = com.vasco.gub.dev;
				PRODUCT_NAME = "$(TARGET_NAME)";
				PROVISIONING_PROFILE = "64dc64ab-4739-439a-a287-53f68a9ed9e5";
				PROVISIONING_PROFILE_SPECIFIER = "GUB Dev";
				SWIFT_VERSION = 4.0;
				TARGETED_DEVICE_FAMILY = "1,2";
			};
			name = Debug;
		};
		97B02FE320AD989E00405744 /* Release */ = {
			isa = XCBuildConfiguration;
			buildSettings = {
				ASSETCATALOG_COMPILER_APPICON_NAME = AppIcon;
				CODE_SIGN_STYLE = Manual;
				DEVELOPMENT_TEAM = "";
				INFOPLIST_FILE = Loto/Info.plist;
				LD_RUNPATH_SEARCH_PATHS = (
					"$(inherited)",
					"@executable_path/Frameworks",
				);
				PRODUCT_BUNDLE_IDENTIFIER = com.vasco.gub.dev;
				PRODUCT_NAME = "$(TARGET_NAME)";
				PROVISIONING_PROFILE_SPECIFIER = "";
				SWIFT_VERSION = 4.0;
				TARGETED_DEVICE_FAMILY = "1,2";
			};
			name = Release;
		};
		97B02FE520AD989E00405744 /* Debug */ = {
			isa = XCBuildConfiguration;
			buildSettings = {
				ALWAYS_EMBED_SWIFT_STANDARD_LIBRARIES = YES;
				BUNDLE_LOADER = "$(TEST_HOST)";
				CODE_SIGN_STYLE = Automatic;
				INFOPLIST_FILE = LotoTests/Info.plist;
				LD_RUNPATH_SEARCH_PATHS = (
					"$(inherited)",
					"@executable_path/Frameworks",
					"@loader_path/Frameworks",
				);
				PRODUCT_BUNDLE_IDENTIFIER = com.wordpress.guillaumeberhault.LotoTests;
				PRODUCT_NAME = "$(TARGET_NAME)";
				SWIFT_VERSION = 4.0;
				TARGETED_DEVICE_FAMILY = "1,2";
				TEST_HOST = "$(BUILT_PRODUCTS_DIR)/Loto.app/Loto";
			};
			name = Debug;
		};
		97B02FE620AD989E00405744 /* Release */ = {
			isa = XCBuildConfiguration;
			buildSettings = {
				ALWAYS_EMBED_SWIFT_STANDARD_LIBRARIES = YES;
				BUNDLE_LOADER = "$(TEST_HOST)";
				CODE_SIGN_STYLE = Automatic;
				INFOPLIST_FILE = LotoTests/Info.plist;
				LD_RUNPATH_SEARCH_PATHS = (
					"$(inherited)",
					"@executable_path/Frameworks",
					"@loader_path/Frameworks",
				);
				PRODUCT_BUNDLE_IDENTIFIER = com.wordpress.guillaumeberhault.LotoTests;
				PRODUCT_NAME = "$(TARGET_NAME)";
				SWIFT_VERSION = 4.0;
				TARGETED_DEVICE_FAMILY = "1,2";
				TEST_HOST = "$(BUILT_PRODUCTS_DIR)/Loto.app/Loto";
			};
			name = Release;
		};
		97B02FE820AD989E00405744 /* Debug */ = {
			isa = XCBuildConfiguration;
			buildSettings = {
				ALWAYS_EMBED_SWIFT_STANDARD_LIBRARIES = YES;
				CODE_SIGN_STYLE = Automatic;
				INFOPLIST_FILE = LotoUITests/Info.plist;
				LD_RUNPATH_SEARCH_PATHS = (
					"$(inherited)",
					"@executable_path/Frameworks",
					"@loader_path/Frameworks",
				);
				PRODUCT_BUNDLE_IDENTIFIER = com.wordpress.guillaumeberhault.LotoUITests;
				PRODUCT_NAME = "$(TARGET_NAME)";
				SWIFT_VERSION = 4.0;
				TARGETED_DEVICE_FAMILY = "1,2";
				TEST_TARGET_NAME = Loto;
			};
			name = Debug;
		};
		97B02FE920AD989E00405744 /* Release */ = {
			isa = XCBuildConfiguration;
			buildSettings = {
				ALWAYS_EMBED_SWIFT_STANDARD_LIBRARIES = YES;
				CODE_SIGN_STYLE = Automatic;
				INFOPLIST_FILE = LotoUITests/Info.plist;
				LD_RUNPATH_SEARCH_PATHS = (
					"$(inherited)",
					"@executable_path/Frameworks",
					"@loader_path/Frameworks",
				);
				PRODUCT_BUNDLE_IDENTIFIER = com.wordpress.guillaumeberhault.LotoUITests;
				PRODUCT_NAME = "$(TARGET_NAME)";
				SWIFT_VERSION = 4.0;
				TARGETED_DEVICE_FAMILY = "1,2";
				TEST_TARGET_NAME = Loto;
			};
			name = Release;
		};
/* End XCBuildConfiguration section */

/* Begin XCConfigurationList section */
		97B02FB420AD989D00405744 /* Build configuration list for PBXProject "Loto" */ = {
			isa = XCConfigurationList;
			buildConfigurations = (
				97B02FDF20AD989E00405744 /* Debug */,
				97B02FE020AD989E00405744 /* Release */,
			);
			defaultConfigurationIsVisible = 0;
			defaultConfigurationName = Release;
		};
		97B02FE120AD989E00405744 /* Build configuration list for PBXNativeTarget "Loto" */ = {
			isa = XCConfigurationList;
			buildConfigurations = (
				97B02FE220AD989E00405744 /* Debug */,
				97B02FE320AD989E00405744 /* Release */,
			);
			defaultConfigurationIsVisible = 0;
			defaultConfigurationName = Release;
		};
		97B02FE420AD989E00405744 /* Build configuration list for PBXNativeTarget "LotoTests" */ = {
			isa = XCConfigurationList;
			buildConfigurations = (
				97B02FE520AD989E00405744 /* Debug */,
				97B02FE620AD989E00405744 /* Release */,
			);
			defaultConfigurationIsVisible = 0;
			defaultConfigurationName = Release;
		};
		97B02FE720AD989E00405744 /* Build configuration list for PBXNativeTarget "LotoUITests" */ = {
			isa = XCConfigurationList;
			buildConfigurations = (
				97B02FE820AD989E00405744 /* Debug */,
				97B02FE920AD989E00405744 /* Release */,
			);
			defaultConfigurationIsVisible = 0;
			defaultConfigurationName = Release;
		};
/* End XCConfigurationList section */
	};
	rootObject = 97B02FB120AD989D00405744 /* Project object */;
}
